
Microsoft Visual Studio Solution File, Format Version 11.00
# Visual Studio 2010
Project("{FAE04EC0-301F-11D3-BF4B-00C04F79EFBC}") = "Assembly-CSharp", "Assembly-CSharp.csproj", "{24870aa6-04ad-9219-6d05-140f1ffdd36b}"
EndProject
Project("{FAE04EC0-301F-11D3-BF4B-00C04F79EFBC}") = "Assembly-CSharp-Editor", "Assembly-CSharp-Editor.csproj", "{33e91966-d9ca-5d5e-1e62-8f6fbc8d9de9}"
EndProject
Global
	GlobalSection(SolutionConfigurationPlatforms) = preSolution
		Debug|Any CPU = Debug|Any CPU
	EndGlobalSection
	GlobalSection(ProjectConfigurationPlatforms) = postSolution
		{24870aa6-04ad-9219-6d05-140f1ffdd36b}.Debug|Any CPU.ActiveCfg = Debug|Any CPU
		{24870aa6-04ad-9219-6d05-140f1ffdd36b}.Debug|Any CPU.Build.0 = Debug|Any CPU
		{33e91966-d9ca-5d5e-1e62-8f6fbc8d9de9}.Debug|Any CPU.ActiveCfg = Debug|Any CPU
		{33e91966-d9ca-5d5e-1e62-8f6fbc8d9de9}.Debug|Any CPU.Build.0 = Debug|Any CPU
	EndGlobalSection
	GlobalSection(SolutionProperties) = preSolution
		HideSolutionNode = FALSE
	EndGlobalSection
EndGlobal
